
Microsoft Visual Studio Solution File, Format Version 12.00
# Visual Studio 14
VisualStudioVersion = 14.0.25420.1
MinimumVisualStudioVersion = 10.0.40219.1
Project("{8BC9CEB8-8B4A-11D0-8D11-00A0C91BC942}") = "ObjectOrientedProgramming", "ObjectOrientedProgramming\ObjectOrientedProgramming.vcxproj", "{61919EB5-9E8D-42E0-A3E7-69CB04AB4D6C}"
EndProject
Project("{8BC9CEB8-8B4A-11D0-8D11-00A0C91BC942}") = "MemoryManagement", "MemoryManagement\MemoryManagement.vcxproj", "{C37A580C-D0E0-4F5F-A6F2-0CFB85797FE9}"
EndProject
Global
	GlobalSection(SolutionConfigurationPlatforms) = preSolution
		Debug|x64 = Debug|x64
		Debug|x86 = Debug|x86
		Release|x64 = Release|x64
		Release|x86 = Release|x86
	EndGlobalSection
	GlobalSection(ProjectConfigurationPlatforms) = postSolution
		{61919EB5-9E8D-42E0-A3E7-69CB04AB4D6C}.Debug|x64.ActiveCfg = Debug|x64
		{61919EB5-9E8D-42E0-A3E7-69CB04AB4D6C}.Debug|x64.Build.0 = Debug|x64
		{61919EB5-9E8D-42E0-A3E7-69CB04AB4D6C}.Debug|x86.ActiveCfg = Debug|Win32
		{61919EB5-9E8D-42E0-A3E7-69CB04AB4D6C}.Debug|x86.Build.0 = Debug|Win32
		{61919EB5-9E8D-42E0-A3E7-69CB04AB4D6C}.Release|x64.ActiveCfg = Release|x64
		{61919EB5-9E8D-42E0-A3E7-69CB04AB4D6C}.Release|x64.Build.0 = Release|x64
		{61919EB5-9E8D-42E0-A3E7-69CB04AB4D6C}.Release|x86.ActiveCfg = Release|Win32
		{61919EB5-9E8D-42E0-A3E7-69CB04AB4D6C}.Release|x86.Build.0 = Release|Win32
		{C37A580C-D0E0-4F5F-A6F2-0CFB85797FE9}.Debug|x64.ActiveCfg = Debug|x64
		{C37A580C-D0E0-4F5F-A6F2-0CFB85797FE9}.Debug|x64.Build.0 = Debug|x64
		{C37A580C-D0E0-4F5F-A6F2-0CFB85797FE9}.Debug|x86.ActiveCfg = Debug|Win32
		{C37A580C-D0E0-4F5F-A6F2-0CFB85797FE9}.Debug|x86.Build.0 = Debug|Win32
		{C37A580C-D0E0-4F5F-A6F2-0CFB85797FE9}.Release|x64.ActiveCfg = Release|x64
		{C37A580C-D0E0-4F5F-A6F2-0CFB85797FE9}.Release|x64.Build.0 = Release|x64
		{C37A580C-D0E0-4F5F-A6F2-0CFB85797FE9}.Release|x86.ActiveCfg = Release|Win32
		{C37A580C-D0E0-4F5F-A6F2-0CFB85797FE9}.Release|x86.Build.0 = Release|Win32
	EndGlobalSection
	GlobalSection(SolutionProperties) = preSolution
		HideSolutionNode = FALSE
	EndGlobalSection
EndGlobal
